
Microsoft Visual Studio Solution File, Format Version 12.00
# Visual Studio Version 17
VisualStudioVersion = 17.8.34330.188
MinimumVisualStudioVersion = 10.0.40219.1
Project("{FAE04EC0-301F-11D3-BF4B-00C04F79EFBC}") = "momoapi", "momoapi\momoapi.csproj", "{34BAD721-9BA3-4367-9C34-78B3F868BCA6}"
EndProject
Global
	GlobalSection(SolutionConfigurationPlatforms) = preSolution
		Debug|Any CPU = Debug|Any CPU
		Release|Any CPU = Release|Any CPU
	EndGlobalSection
	GlobalSection(ProjectConfigurationPlatforms) = postSolution
		{34BAD721-9BA3-4367-9C34-78B3F868BCA6}.Debug|Any CPU.ActiveCfg = Debug|Any CPU
		{34BAD721-9BA3-4367-9C34-78B3F868BCA6}.Debug|Any CPU.Build.0 = Debug|Any CPU
		{34BAD721-9BA3-4367-9C34-78B3F868BCA6}.Release|Any CPU.ActiveCfg = Release|Any CPU
		{34BAD721-9BA3-4367-9C34-78B3F868BCA6}.Release|Any CPU.Build.0 = Release|Any CPU
	EndGlobalSection
	GlobalSection(SolutionProperties) = preSolution
		HideSolutionNode = FALSE
	EndGlobalSection
	GlobalSection(ExtensibilityGlobals) = postSolution
		SolutionGuid = {EADA175B-9FCC-4B1C-A310-8D58D63BC6DD}
	EndGlobalSection
EndGlobal
